
Microsoft Visual Studio Solution File, Format Version 12.00
# Visual Studio Version 17
VisualStudioVersion = 17.10.35013.160
MinimumVisualStudioVersion = 10.0.40219.1
Project("{FAE04EC0-301F-11D3-BF4B-00C04F79EFBC}") = "CrudApi", "CrudApi\CrudApi.csproj", "{88CEB095-472A-4BCB-B57B-2C8052571380}"
EndProject
Global
	GlobalSection(SolutionConfigurationPlatforms) = preSolution
		Debug|Any CPU = Debug|Any CPU
		Release|Any CPU = Release|Any CPU
	EndGlobalSection
	GlobalSection(ProjectConfigurationPlatforms) = postSolution
		{88CEB095-472A-4BCB-B57B-2C8052571380}.Debug|Any CPU.ActiveCfg = Debug|Any CPU
		{88CEB095-472A-4BCB-B57B-2C8052571380}.Debug|Any CPU.Build.0 = Debug|Any CPU
		{88CEB095-472A-4BCB-B57B-2C8052571380}.Release|Any CPU.ActiveCfg = Release|Any CPU
		{88CEB095-472A-4BCB-B57B-2C8052571380}.Release|Any CPU.Build.0 = Release|Any CPU
	EndGlobalSection
	GlobalSection(SolutionProperties) = preSolution
		HideSolutionNode = FALSE
	EndGlobalSection
	GlobalSection(ExtensibilityGlobals) = postSolution
		SolutionGuid = {3C72F21B-931B-4F63-95CE-D89139D4E3CB}
	EndGlobalSection
EndGlobal
